<?xml version="1.0" encoding="utf-8"?>
<Project ToolsVersion="4.0" xmlns="http://schemas.microsoft.com/developer/msbuild/2003">
  <ItemGroup>
    <Filter Include="Исходные файлы">
      <UniqueIdentifier>{4FC737F1-C7A5-4376-A066-2A32D752A2FF}</UniqueIdentifier>
      <Extensions>cpp;c;cc;cxx;c++;cppm;ixx;def;odl;idl;hpj;bat;asm;asmx</Extensions>
    </Filter>
    <Filter Include="Файлы заголовков">
      <UniqueIdentifier>{93995380-89BD-4b04-88EB-625FBE52EBFB}</UniqueIdentifier>
      <Extensions>h;hh;hpp;hxx;h++;hm;inl;inc;ipp;xsd</Extensions>
    </Filter>
    <Filter Include="Файлы ресурсов">
      <UniqueIdentifier>{67DA6AB6-F800-4c08-8B7A-83BB121AAD01}</UniqueIdentifier>
      <Extensions>rc;ico;cur;bmp;dlg;rc2;rct;bin;rgs;gif;jpg;jpeg;jpe;resx;tiff;tif;png;wav;mfcribbon-ms</Extensions>
    </Filter>
    <Filter Include="shaders">
      <UniqueIdentifier>{41bb1c16-a165-443c-a4f7-32992e6dd8ea}</UniqueIdentifier>
    </Filter>
    <Filter Include="libs">
      <UniqueIdentifier>{73aacb9d-c84a-4d14-af60-6912bcb489bc}</UniqueIdentifier>
    </Filter>
  </ItemGroup>
  <ItemGroup>
    <ClCompile Include="main.cpp">
      <Filter>Исходные файлы</Filter>
    </ClCompile>
    <ClCompile Include="glad.c">
      <Filter>libs</Filter>
    </ClCompile>
    <ClCompile Include="stb_image.cpp">
      <Filter>libs</Filter>
    </ClCompile>
  </ItemGroup>
  <ItemGroup>
    <ClInclude Include="Shader.h">
      <Filter>Исходные файлы</Filter>
    </ClInclude>
    <ClInclude Include="Camera.h">
      <Filter>Исходные файлы</Filter>
    </ClInclude>
    <ClInclude Include="stb_image.h">
      <Filter>libs</Filter>
    </ClInclude>
  </ItemGroup>
  <ItemGroup>
    <Text Include="shader.vs">
      <Filter>shaders</Filter>
    </Text>
    <Text Include="shader.fs">
      <Filter>shaders</Filter>
    </Text>
  </ItemGroup>
  <ItemGroup>
    <None Include="lightShader.vs">
      <Filter>shaders</Filter>
    </None>
    <None Include="lightShader.fs">
      <Filter>shaders</Filter>
    </None>
  </ItemGroup>
</Project>